{
  "name": "angular_Projects",
  "lockfileVersion": 3,
  "requires": true,
  "packages": {
    "": {
      "dependencies": {
        "angular-datatable": "^2.2.1",
        "bootstrap": "^3.3.7"
      }
    },
    "node_modules/@angular/common": {
      "version": "2.4.10",
      "resolved": "https://registry.npmjs.org/@angular/common/-/common-2.4.10.tgz",
      "integrity": "sha512-ExCbb/jTH4mGopV2M3+Ya1yFL3p7rA/gtL023bp9lxp1CD8LxjxcWCy5d/BkWBAVKEYjBasAW6UhrrnbNKx1ZA==",
      "peer": true,
      "peerDependencies": {
        "@angular/core": "2.4.10"
      }
    },
    "node_modules/@angular/core": {
      "version": "2.4.10",
      "resolved": "https://registry.npmjs.org/@angular/core/-/core-2.4.10.tgz",
      "integrity": "sha512-AJeJONPkuQM3DHEEYBK2j5hEsplIcxt6ltlwo2jadMTiGouUPKsTArjb75c6yDyKBxxoYZ9O//XNy07ODXBtig==",
      "peer": true,
      "peerDependencies": {
        "rxjs": "^5.0.1",
        "zone.js": "^0.7.2"
      }
    },
    "node_modules/@angular/forms": {
      "version": "2.4.10",
      "resolved": "https://registry.npmjs.org/@angular/forms/-/forms-2.4.10.tgz",
      "integrity": "sha512-A/kCKcQdR7RsSRJNRcNsMJUwsmO3MsdZfG8K5GgnJL275MRP5R6oDW2vdXwh/zP0q1qwr6WHp5qLRiFOzvBS+A==",
      "peer": true,
      "peerDependencies": {
        "@angular/common": "2.4.10",
        "@angular/core": "2.4.10"
      }
    },
    "node_modules/angular-datatable": {
      "version": "2.2.1",
      "resolved": "https://registry.npmjs.org/angular-datatable/-/angular-datatable-2.2.1.tgz",
      "integrity": "sha512-FRG+SwXEsJeCFKrS4mhkzVnUDWnoQCDUDFFoywcUYwf4xeueU0pfnq5xo2MyYJh/SUW70aGdrbSU6ZqDKWOkgg==",
      "peerDependencies": {
        "@angular/common": "^2.4.0",
        "@angular/core": "^2.4.0",
        "@angular/forms": "^2.4.0",
        "reflect-metadata": "^0.1.8",
        "rxjs": "^5.0.1",
        "zone.js": "^0.7.2"
      }
    },
    "node_modules/bootstrap": {
      "version": "3.4.1",
      "resolved": "https://registry.npmjs.org/bootstrap/-/bootstrap-3.4.1.tgz",
      "integrity": "sha512-yN5oZVmRCwe5aKwzRj6736nSmKDX7pLYwsXiCj/EYmo16hODaBiT4En5btW/jhBF/seV+XMx3aYwukYC3A49DA==",
      "engines": {
        "node": ">=6"
      }
    },
    "node_modules/reflect-metadata": {
      "version": "0.1.14",
      "resolved": "https://registry.npmjs.org/reflect-metadata/-/reflect-metadata-0.1.14.tgz",
      "integrity": "sha512-ZhYeb6nRaXCfhnndflDK8qI6ZQ/YcWZCISRAWICW9XYqMUwjZM9Z0DveWX/ABN01oxSHwVxKQmxeYZSsm0jh5A==",
      "peer": true
    },
    "node_modules/rxjs": {
      "version": "5.5.12",
      "resolved": "https://registry.npmjs.org/rxjs/-/rxjs-5.5.12.tgz",
      "integrity": "sha512-xx2itnL5sBbqeeiVgNPVuQQ1nC8Jp2WfNJhXWHmElW9YmrpS9UVnNzhP3EH3HFqexO5Tlp8GhYY+WEcqcVMvGw==",
      "peer": true,
      "dependencies": {
        "symbol-observable": "1.0.1"
      },
      "engines": {
        "npm": ">=2.0.0"
      }
    },
    "node_modules/symbol-observable": {
      "version": "1.0.1",
      "resolved": "https://registry.npmjs.org/symbol-observable/-/symbol-observable-1.0.1.tgz",
      "integrity": "sha512-Kb3PrPYz4HanVF1LVGuAdW6LoVgIwjUYJGzFe7NDrBLCN4lsV/5J0MFurV+ygS4bRVwrCEt2c7MQ1R2a72oJDw==",
      "peer": true,
      "engines": {
        "node": ">=0.10.0"
      }
    },
    "node_modules/zone.js": {
      "version": "0.7.8",
      "resolved": "https://registry.npmjs.org/zone.js/-/zone.js-0.7.8.tgz",
      "integrity": "sha512-u7Hdq+ZRTN/fxoa/G/IYNhkTqUlFODtJIc7iE1EAhhsnjRa/NroQ2ApaKUiVu5W4fpXXjH17Ia7eUtF2sQKgsQ==",
      "peer": true
    }
  }
}
